{
  "originHash" : "fbdec518f66720abc9cceef1ea36ee3229c4faa09fdcfd36f45e77839c989f98",
  "pins" : [
    {
      "identity" : "purchases-ios",
      "kind" : "remoteSourceControl",
      "location" : "https://github.com/RevenueCat/purchases-ios",
      "state" : {
        "revision" : "98435c3d7b0f6210b2303fc7f2ec09510d4790b6",
        "version" : "5.74.0"
      }
    }
  ],
  "version" : 3
}
